
Microsoft Visual Studio Solution File, Format Version 12.00
# Visual Studio Version 16
VisualStudioVersion = 16.0.31229.75
MinimumVisualStudioVersion = 10.0.40219.1
Project("{FAE04EC0-301F-11D3-BF4B-00C04F79EFBC}") = "juegorol", "juegorol\juegorol.csproj", "{37456AF6-D7E3-4ABA-9D75-BCA10CD52DBD}"
EndProject
Global
	GlobalSection(SolutionConfigurationPlatforms) = preSolution
		Debug|Any CPU = Debug|Any CPU
		Release|Any CPU = Release|Any CPU
	EndGlobalSection
	GlobalSection(ProjectConfigurationPlatforms) = postSolution
		{37456AF6-D7E3-4ABA-9D75-BCA10CD52DBD}.Debug|Any CPU.ActiveCfg = Debug|Any CPU
		{37456AF6-D7E3-4ABA-9D75-BCA10CD52DBD}.Debug|Any CPU.Build.0 = Debug|Any CPU
		{37456AF6-D7E3-4ABA-9D75-BCA10CD52DBD}.Release|Any CPU.ActiveCfg = Release|Any CPU
		{37456AF6-D7E3-4ABA-9D75-BCA10CD52DBD}.Release|Any CPU.Build.0 = Release|Any CPU
	EndGlobalSection
	GlobalSection(SolutionProperties) = preSolution
		HideSolutionNode = FALSE
	EndGlobalSection
	GlobalSection(ExtensibilityGlobals) = postSolution
		SolutionGuid = {3C668C21-A1A1-425E-9EAB-C1BB96DC7AC0}
	EndGlobalSection
EndGlobal
